
Microsoft Visual Studio Solution File, Format Version 12.00
# Visual Studio Version 16
VisualStudioVersion = 16.0.32929.386
MinimumVisualStudioVersion = 10.0.40219.1
Project("{FAE04EC0-301F-11D3-BF4B-00C04F79EFBC}") = "AutoCreateContourSPEC", "AutoCreateContourSPEC\AutoCreateContourSPEC.csproj", "{823EBA92-3E57-45A9-AC8B-77C7E64CE506}"
EndProject
Global
	GlobalSection(SolutionConfigurationPlatforms) = preSolution
		Debug|Any CPU = Debug|Any CPU
		Release|Any CPU = Release|Any CPU
	EndGlobalSection
	GlobalSection(ProjectConfigurationPlatforms) = postSolution
		{823EBA92-3E57-45A9-AC8B-77C7E64CE506}.Debug|Any CPU.ActiveCfg = Debug|Any CPU
		{823EBA92-3E57-45A9-AC8B-77C7E64CE506}.Debug|Any CPU.Build.0 = Debug|Any CPU
		{823EBA92-3E57-45A9-AC8B-77C7E64CE506}.Release|Any CPU.ActiveCfg = Release|Any CPU
		{823EBA92-3E57-45A9-AC8B-77C7E64CE506}.Release|Any CPU.Build.0 = Release|Any CPU
	EndGlobalSection
	GlobalSection(SolutionProperties) = preSolution
		HideSolutionNode = FALSE
	EndGlobalSection
	GlobalSection(ExtensibilityGlobals) = postSolution
		SolutionGuid = {F5180040-DD51-4066-8B4D-35963D8AA3D8}
	EndGlobalSection
EndGlobal
